
Microsoft Visual Studio Solution File, Format Version 12.00
# Visual Studio 15
VisualStudioVersion = 15.0.28307.136
MinimumVisualStudioVersion = 10.0.40219.1
Project("{FAE04EC0-301F-11D3-BF4B-00C04F79EFBC}") = "LottoNumberGenerator", "LottoNumberGenerator\LottoNumberGenerator.csproj", "{BE3F1064-0DC9-4308-8796-FCCC5B7235BE}"
EndProject
Global
	GlobalSection(SolutionConfigurationPlatforms) = preSolution
		Debug|Any CPU = Debug|Any CPU
		Release|Any CPU = Release|Any CPU
	EndGlobalSection
	GlobalSection(ProjectConfigurationPlatforms) = postSolution
		{BE3F1064-0DC9-4308-8796-FCCC5B7235BE}.Debug|Any CPU.ActiveCfg = Debug|Any CPU
		{BE3F1064-0DC9-4308-8796-FCCC5B7235BE}.Debug|Any CPU.Build.0 = Debug|Any CPU
		{BE3F1064-0DC9-4308-8796-FCCC5B7235BE}.Release|Any CPU.ActiveCfg = Release|Any CPU
		{BE3F1064-0DC9-4308-8796-FCCC5B7235BE}.Release|Any CPU.Build.0 = Release|Any CPU
	EndGlobalSection
	GlobalSection(SolutionProperties) = preSolution
		HideSolutionNode = FALSE
	EndGlobalSection
	GlobalSection(ExtensibilityGlobals) = postSolution
		SolutionGuid = {2A14E350-7E5C-4E28-AF6C-47859A2D09F7}
	EndGlobalSection
EndGlobal
