
Microsoft Visual Studio Solution File, Format Version 12.00
# Visual Studio 15
VisualStudioVersion = 15.0.28307.106
MinimumVisualStudioVersion = 10.0.40219.1
Project("{FAE04EC0-301F-11D3-BF4B-00C04F79EFBC}") = "Echo", "Echo\Echo.csproj", "{5FFEC42C-63F0-40CD-BC07-1670FE55338C}"
EndProject
Global
	GlobalSection(SolutionConfigurationPlatforms) = preSolution
		Debug|Any CPU = Debug|Any CPU
		Release|Any CPU = Release|Any CPU
	EndGlobalSection
	GlobalSection(ProjectConfigurationPlatforms) = postSolution
		{5FFEC42C-63F0-40CD-BC07-1670FE55338C}.Debug|Any CPU.ActiveCfg = Debug|Any CPU
		{5FFEC42C-63F0-40CD-BC07-1670FE55338C}.Debug|Any CPU.Build.0 = Debug|Any CPU
		{5FFEC42C-63F0-40CD-BC07-1670FE55338C}.Release|Any CPU.ActiveCfg = Release|Any CPU
		{5FFEC42C-63F0-40CD-BC07-1670FE55338C}.Release|Any CPU.Build.0 = Release|Any CPU
	EndGlobalSection
	GlobalSection(SolutionProperties) = preSolution
		HideSolutionNode = FALSE
	EndGlobalSection
	GlobalSection(ExtensibilityGlobals) = postSolution
		SolutionGuid = {DF6C0E52-E4DA-4A2B-AC4C-87F46DBA8C4D}
	EndGlobalSection
EndGlobal
