
Microsoft Visual Studio Solution File, Format Version 12.00
# Visual Studio 15
VisualStudioVersion = 15.0.28307.106
MinimumVisualStudioVersion = 10.0.40219.1
Project("{FAE04EC0-301F-11D3-BF4B-00C04F79EFBC}") = "UltimateBaseball", "UltimateBaseball\UltimateBaseball.csproj", "{73193940-7007-4300-9F31-BA69292DE5A1}"
EndProject
Global
	GlobalSection(SolutionConfigurationPlatforms) = preSolution
		Debug|Any CPU = Debug|Any CPU
		Release|Any CPU = Release|Any CPU
	EndGlobalSection
	GlobalSection(ProjectConfigurationPlatforms) = postSolution
		{73193940-7007-4300-9F31-BA69292DE5A1}.Debug|Any CPU.ActiveCfg = Debug|Any CPU
		{73193940-7007-4300-9F31-BA69292DE5A1}.Debug|Any CPU.Build.0 = Debug|Any CPU
		{73193940-7007-4300-9F31-BA69292DE5A1}.Release|Any CPU.ActiveCfg = Release|Any CPU
		{73193940-7007-4300-9F31-BA69292DE5A1}.Release|Any CPU.Build.0 = Release|Any CPU
	EndGlobalSection
	GlobalSection(SolutionProperties) = preSolution
		HideSolutionNode = FALSE
	EndGlobalSection
	GlobalSection(ExtensibilityGlobals) = postSolution
		SolutionGuid = {C59AE174-650D-473A-9F4D-5C118A5B2178}
	EndGlobalSection
EndGlobal
