
Microsoft Visual Studio Solution File, Format Version 12.00
# Visual Studio 15
VisualStudioVersion = 15.0.28307.136
MinimumVisualStudioVersion = 10.0.40219.1
Project("{FAE04EC0-301F-11D3-BF4B-00C04F79EFBC}") = "Test  9-2", "Test  9-2\Test  9-2.csproj", "{4579D519-0EE1-4FB1-8F6B-F2795CFDEEDB}"
EndProject
Global
	GlobalSection(SolutionConfigurationPlatforms) = preSolution
		Debug|Any CPU = Debug|Any CPU
		Release|Any CPU = Release|Any CPU
	EndGlobalSection
	GlobalSection(ProjectConfigurationPlatforms) = postSolution
		{4579D519-0EE1-4FB1-8F6B-F2795CFDEEDB}.Debug|Any CPU.ActiveCfg = Debug|Any CPU
		{4579D519-0EE1-4FB1-8F6B-F2795CFDEEDB}.Debug|Any CPU.Build.0 = Debug|Any CPU
		{4579D519-0EE1-4FB1-8F6B-F2795CFDEEDB}.Release|Any CPU.ActiveCfg = Release|Any CPU
		{4579D519-0EE1-4FB1-8F6B-F2795CFDEEDB}.Release|Any CPU.Build.0 = Release|Any CPU
	EndGlobalSection
	GlobalSection(SolutionProperties) = preSolution
		HideSolutionNode = FALSE
	EndGlobalSection
	GlobalSection(ExtensibilityGlobals) = postSolution
		SolutionGuid = {D1168C50-9D3C-4170-A548-9A2B4D6A7226}
	EndGlobalSection
EndGlobal
